// !$*UTF8*$!
{
	archiveVersion = 1;
	classes = {
	};
	objectVersion = 50;
	objects = {

/* Begin PBXBuildFile section */
		DC5203D91C52F13000635A64 /* AppDelegate.swift in Sources */ = {isa = PBXBuildFile; fileRef = DC5203D81C52F13000635A64 /* AppDelegate.swift */; };
		DC5203DE1C52F13000635A64 /* Main.storyboard in Resources */ = {isa = PBXBuildFile; fileRef = DC5203DC1C52F13000635A64 /* Main.storyboard */; };
		DC5203E01C52F13000635A64 /* Assets.xcassets in Resources */ = {isa = PBXBuildFile; fileRef = DC5203DF1C52F13000635A64 /* Assets.xcassets */; };
		DC5203E31C52F13000635A64 /* LaunchScreen.storyboard in Resources */ = {isa = PBXBuildFile; fileRef = DC5203E11C52F13000635A64 /* LaunchScreen.storyboard */; };
		DC5203EB1C52FC9500635A64 /* LoginTableViewController.swift in Sources */ = {isa = PBXBuildFile; fileRef = DC5203EA1C52FC9500635A64 /* LoginTableViewController.swift */; };
/* End PBXBuildFile section */

/* Begin PBXFileReference section */
		DC5203D51C52F13000635A64 /* SO-14465447.app */ = {isa = PBXFileReference; explicitFileType = wrapper.application; includeInIndex = 0; path = "SO-14465447.app"; sourceTree = BUILT_PRODUCTS_DIR; };
		DC5203D81C52F13000635A64 /* AppDelegate.swift */ = {isa = PBXFileReference; lastKnownFileType = sourcecode.swift; path = AppDelegate.swift; sourceTree = "<group>"; };
		DC5203DD1C52F13000635A64 /* Base */ = {isa = PBXFileReference; lastKnownFileType = file.storyboard; name = Base; path = Base.lproj/Main.storyboard; sourceTree = "<group>"; };
		DC5203DF1C52F13000635A64 /* Assets.xcassets */ = {isa = PBXFileReference; lastKnownFileType = folder.assetcatalog; path = Assets.xcassets; sourceTree = "<group>"; };
		DC5203E21C52F13000635A64 /* Base */ = {isa = PBXFileReference; lastKnownFileType = file.storyboard; name = Base; path = Base.lproj/LaunchScreen.storyboard; sourceTree = "<group>"; };
		DC5203E41C52F13000635A64 /* Info.plist */ = {isa = PBXFileReference; lastKnownFileType = text.plist.xml; path = Info.plist; sourceTree = "<group>"; };
		DC5203EA1C52FC9500635A64 /* LoginTableViewController.swift */ = {isa = PBXFileReference; fileEncoding = 4; lastKnownFileType = sourcecode.swift; path = LoginTableViewController.swift; sourceTree = "<group>"; };
/* End PBXFileReference section */

/* Begin PBXFrameworksBuildPhase section */
		DC5203D21C52F13000635A64 /* Frameworks */ = {
			isa = PBXFrameworksBuildPhase;
			buildActionMask = 2147483647;
			files = (
			);
			runOnlyForDeploymentPostprocessing = 0;
		};
/* End PBXFrameworksBuildPhase section */

/* Begin PBXGroup section */
		DC5203CC1C52F13000635A64 = {
			isa = PBXGroup;
			children = (
				DC5203D71C52F13000635A64 /* SO-14465447 */,
				DC5203D61C52F13000635A64 /* Products */,
			);
			sourceTree = "<group>";
		};
		DC5203D61C52F13000635A64 /* Products */ = {
			isa = PBXGroup;
			children = (
				DC5203D51C52F13000635A64 /* SO-14465447.app */,
			);
			name = Products;
			sourceTree = "<group>";
		};
		DC5203D71C52F13000635A64 /* SO-14465447 */ = {
			isa = PBXGroup;
			children = (
				DC5203D81C52F13000635A64 /* AppDelegate.swift */,
				DC5203DC1C52F13000635A64 /* Main.storyboard */,
				DC5203EA1C52FC9500635A64 /* LoginTableViewController.swift */,
				DC5203DF1C52F13000635A64 /* Assets.xcassets */,
				DC5203E11C52F13000635A64 /* LaunchScreen.storyboard */,
				DC5203E41C52F13000635A64 /* Info.plist */,
			);
			path = "SO-14465447";
			sourceTree = "<group>";
		};
/* End PBXGroup section */

/* Begin PBXNativeTarget section */
		DC5203D41C52F13000635A64 /* SO-14465447 */ = {
			isa = PBXNativeTarget;
			buildConfigurationList = DC5203E71C52F13000635A64 /* Build configuration list for PBXNativeTarget "SO-14465447" */;
			buildPhases = (
				DC5203D11C52F13000635A64 /* Sources */,
				DC5203D21C52F13000635A64 /* Frameworks */,
				DC5203D31C52F13000635A64 /* Resources */,
			);
			buildRules = (
			);
			dependencies = (
			);
			name = "SO-14465447";
			productName = "SO-14465447";
			productReference = DC5203D51C52F13000635A64 /* SO-14465447.app */;
			productType = "com.apple.product-type.application";
		};
/* End PBXNativeTarget section */

/* Begin PBXProject section */
		DC5203CD1C52F13000635A64 /* Project object */ = {
			isa = PBXProject;
			attributes = {
				LastSwiftUpdateCheck = 0710;
				LastUpgradeCheck = 0940;
				ORGANIZATIONNAME = SwiftArchitect;
				TargetAttributes = {
					DC5203D41C52F13000635A64 = {
						CreatedOnToolsVersion = 7.1.1;
						LastSwiftMigration = 0940;
					};
				};
			};
			buildConfigurationList = DC5203D01C52F13000635A64 /* Build configuration list for PBXProject "SO-14465447" */;
			compatibilityVersion = "Xcode 9.3";
			developmentRegion = English;
			hasScannedForEncodings = 0;
			knownRegions = (
				en,
				Base,
			);
			mainGroup = DC5203CC1C52F13000635A64;
			productRefGroup = DC5203D61C52F13000635A64 /* Products */;
			projectDirPath = "";
			projectRoot = "";
			targets = (
				DC5203D41C52F13000635A64 /* SO-14465447 */,
			);
		};
/* End PBXProject section */

/* Begin PBXResourcesBuildPhase section */
		DC5203D31C52F13000635A64 /* Resources */ = {
			isa = PBXResourcesBuildPhase;
			buildActionMask = 2147483647;
			files = (
				DC5203E31C52F13000635A64 /* LaunchScreen.storyboard in Resources */,
				DC5203E01C52F13000635A64 /* Assets.xcassets in Resources */,
				DC5203DE1C52F13000635A64 /* Main.storyboard in Resources */,
			);
			runOnlyForDeploymentPostprocessing = 0;
		};
/* End PBXResourcesBuildPhase section */

/* Begin PBXSourcesBuildPhase section */
		DC5203D11C52F13000635A64 /* Sources */ = {
			isa = PBXSourcesBuildPhase;
			buildActionMask = 2147483647;
			files = (
				DC5203D91C52F13000635A64 /* AppDelegate.swift in Sources */,
				DC5203EB1C52FC9500635A64 /* LoginTableViewController.swift in Sources */,
			);
			runOnlyForDeploymentPostprocessing = 0;
		};
/* End PBXSourcesBuildPhase section */

/* Begin PBXVariantGroup section */
		DC5203DC1C52F13000635A64 /* Main.storyboard */ = {
			isa = PBXVariantGroup;
			children = (
				DC5203DD1C52F13000635A64 /* Base */,
			);
			name = Main.storyboard;
			sourceTree = "<group>";
		};
		DC5203E11C52F13000635A64 /* LaunchScreen.storyboard */ = {
			isa = PBXVariantGroup;
			children = (
				DC5203E21C52F13000635A64 /* Base */,
			);
			name = LaunchScreen.storyboard;
			sourceTree = "<group>";
		};
/* End PBXVariantGroup section */

/* Begin XCBuildConfiguration section */
		DC5203E51C52F13000635A64 /* Debug */ = {
			isa = XCBuildConfiguration;
			buildSettings = {
				ALWAYS_SEARCH_USER_PATHS = NO;
				CLANG_CXX_LANGUAGE_STANDARD = "gnu++0x";
				CLANG_CXX_LIBRARY = "libc++";
				CLANG_ENABLE_MODULES = YES;
				CLANG_ENABLE_OBJC_ARC = YES;
				CLANG_WARN_BLOCK_CAPTURE_AUTORELEASING = YES;
				CLANG_WARN_BOOL_CONVERSION = YES;
				CLANG_WARN_COMMA = YES;
				CLANG_WARN_CONSTANT_CONVERSION = YES;
				CLANG_WARN_DEPRECATED_OBJC_IMPLEMENTATIONS = YES;
				CLANG_WARN_DIRECT_OBJC_ISA_USAGE = YES_ERROR;
				CLANG_WARN_EMPTY_BODY = YES;
				CLANG_WARN_ENUM_CONVERSION = YES;
				CLANG_WARN_INFINITE_RECURSION = YES;
				CLANG_WARN_INT_CONVERSION = YES;
				CLANG_WARN_NON_LITERAL_NULL_CONVERSION = YES;
				CLANG_WARN_OBJC_IMPLICIT_RETAIN_SELF = YES;
				CLANG_WARN_OBJC_LITERAL_CONVERSION = YES;
				CLANG_WARN_OBJC_ROOT_CLASS = YES_ERROR;
				CLANG_WARN_RANGE_LOOP_ANALYSIS = YES;
				CLANG_WARN_STRICT_PROTOTYPES = YES;
				CLANG_WARN_SUSPICIOUS_MOVE = YES;
				CLANG_WARN_UNREACHABLE_CODE = YES;
				CLANG_WARN__DUPLICATE_METHOD_MATCH = YES;
				"CODE_SIGN_IDENTITY[sdk=iphoneos*]" = "iPhone Developer";
				COPY_PHASE_STRIP = NO;
				DEBUG_INFORMATION_FORMAT = dwarf;
				ENABLE_STRICT_OBJC_MSGSEND = YES;
				ENABLE_TESTABILITY = YES;
				GCC_C_LANGUAGE_STANDARD = gnu99;
				GCC_DYNAMIC_NO_PIC = NO;
				GCC_NO_COMMON_BLOCKS = YES;
				GCC_OPTIMIZATION_LEVEL = 0;
				GCC_PREPROCESSOR_DEFINITIONS = (
					"DEBUG=1",
					"$(inherited)",
				);
				GCC_WARN_64_TO_32_BIT_CONVERSION = YES;
				GCC_WARN_ABOUT_RETURN_TYPE = YES_ERROR;
				GCC_WARN_UNDECLARED_SELECTOR = YES;
				GCC_WARN_UNINITIALIZED_AUTOS = YES_AGGRESSIVE;
				GCC_WARN_UNUSED_FUNCTION = YES;
				GCC_WARN_UNUSED_VARIABLE = YES;
				MTL_ENABLE_DEBUG_INFO = YES;
				ONLY_ACTIVE_ARCH = YES;
				SDKROOT = iphoneos;
				SWIFT_OPTIMIZATION_LEVEL = "-Onone";
				TARGETED_DEVICE_FAMILY = "1,2";
			};
			name = Debug;
		};
		DC5203E61C52F13000635A64 /* Release */ = {
			isa = XCBuildConfiguration;
			buildSettings = {
				ALWAYS_SEARCH_USER_PATHS = NO;
				CLANG_CXX_LANGUAGE_STANDARD = "gnu++0x";
				CLANG_CXX_LIBRARY = "libc++";
				CLANG_ENABLE_MODULES = YES;
				CLANG_ENABLE_OBJC_ARC = YES;
				CLANG_WARN_BLOCK_CAPTURE_AUTORELEASING = YES;
				CLANG_WARN_BOOL_CONVERSION = YES;
				CLANG_WARN_COMMA = YES;
				CLANG_WARN_CONSTANT_CONVERSION = YES;
				CLANG_WARN_DEPRECATED_OBJC_IMPLEMENTATIONS = YES;
				CLANG_WARN_DIRECT_OBJC_ISA_USAGE = YES_ERROR;
				CLANG_WARN_EMPTY_BODY = YES;
				CLANG_WARN_ENUM_CONVERSION = YES;
				CLANG_WARN_INFINITE_RECURSION = YES;
				CLANG_WARN_INT_CONVERSION = YES;
				CLANG_WARN_NON_LITERAL_NULL_CONVERSION = YES;
				CLANG_WARN_OBJC_IMPLICIT_RETAIN_SELF = YES;
				CLANG_WARN_OBJC_LITERAL_CONVERSION = YES;
				CLANG_WARN_OBJC_ROOT_CLASS = YES_ERROR;
				CLANG_WARN_RANGE_LOOP_ANALYSIS = YES;
				CLANG_WARN_STRICT_PROTOTYPES = YES;
				CLANG_WARN_SUSPICIOUS_MOVE = YES;
				CLANG_WARN_UNREACHABLE_CODE = YES;
				CLANG_WARN__DUPLICATE_METHOD_MATCH = YES;
				"CODE_SIGN_IDENTITY[sdk=iphoneos*]" = "iPhone Developer";
				COPY_PHASE_STRIP = NO;
				DEBUG_INFORMATION_FORMAT = "dwarf-with-dsym";
				ENABLE_NS_ASSERTIONS = NO;
				ENABLE_STRICT_OBJC_MSGSEND = YES;
				GCC_C_LANGUAGE_STANDARD = gnu99;
				GCC_NO_COMMON_BLOCKS = YES;
				GCC_WARN_64_TO_32_BIT_CONVERSION = YES;
				GCC_WARN_ABOUT_RETURN_TYPE = YES_ERROR;
				GCC_WARN_UNDECLARED_SELECTOR = YES;
				GCC_WARN_UNINITIALIZED_AUTOS = YES_AGGRESSIVE;
				GCC_WARN_UNUSED_FUNCTION = YES;
				GCC_WARN_UNUSED_VARIABLE = YES;
				MTL_ENABLE_DEBUG_INFO = NO;
				SDKROOT = iphoneos;
				SWIFT_COMPILATION_MODE = wholemodule;
				SWIFT_OPTIMIZATION_LEVEL = "-O";
				TARGETED_DEVICE_FAMILY = "1,2";
				VALIDATE_PRODUCT = YES;
			};
			name = Release;
		};
		DC5203E81C52F13000635A64 /* Debug */ = {
			isa = XCBuildConfiguration;
			buildSettings = {
				ASSETCATALOG_COMPILER_APPICON_NAME = AppIcon;
				INFOPLIST_FILE = "SO-14465447/Info.plist";
				LD_RUNPATH_SEARCH_PATHS = (
					"$(inherited)",
					"@executable_path/Frameworks",
				);
				PRODUCT_BUNDLE_IDENTIFIER = "com.swiftarchitect.SO-14465447";
				PRODUCT_NAME = "$(TARGET_NAME)";
				SWIFT_SWIFT3_OBJC_INFERENCE = Default;
				SWIFT_VERSION = 4.0;
			};
			name = Debug;
		};
		DC5203E91C52F13000635A64 /* Release */ = {
			isa = XCBuildConfiguration;
			buildSettings = {
				ASSETCATALOG_COMPILER_APPICON_NAME = AppIcon;
				INFOPLIST_FILE = "SO-14465447/Info.plist";
				LD_RUNPATH_SEARCH_PATHS = (
					"$(inherited)",
					"@executable_path/Frameworks",
				);
				PRODUCT_BUNDLE_IDENTIFIER = "com.swiftarchitect.SO-14465447";
				PRODUCT_NAME = "$(TARGET_NAME)";
				SWIFT_SWIFT3_OBJC_INFERENCE = Default;
				SWIFT_VERSION = 4.0;
			};
			name = Release;
		};
/* End XCBuildConfiguration section */

/* Begin XCConfigurationList section */
		DC5203D01C52F13000635A64 /* Build configuration list for PBXProject "SO-14465447" */ = {
			isa = XCConfigurationList;
			buildConfigurations = (
				DC5203E51C52F13000635A64 /* Debug */,
				DC5203E61C52F13000635A64 /* Release */,
			);
			defaultConfigurationIsVisible = 0;
			defaultConfigurationName = Release;
		};
		DC5203E71C52F13000635A64 /* Build configuration list for PBXNativeTarget "SO-14465447" */ = {
			isa = XCConfigurationList;
			buildConfigurations = (
				DC5203E81C52F13000635A64 /* Debug */,
				DC5203E91C52F13000635A64 /* Release */,
			);
			defaultConfigurationIsVisible = 0;
			defaultConfigurationName = Release;
		};
/* End XCConfigurationList section */
	};
	rootObject = DC5203CD1C52F13000635A64 /* Project object */;
}
